
Microsoft Visual Studio Solution File, Format Version 12.00
# Visual Studio Version 17
VisualStudioVersion = 17.9.34701.34
MinimumVisualStudioVersion = 10.0.40219.1
Project("{9A19103F-16F7-4668-BE54-9A1E7A4F7556}") = "Monitoring", "Monitoring\Monitoring.csproj", "{2B1A4DCD-8BB4-44AA-8115-C822900BCA16}"
EndProject
Project("{FAE04EC0-301F-11D3-BF4B-00C04F79EFBC}") = "simplex", "simplex\simplex.csproj", "{C7C93740-B267-4E0C-B845-2DCCFF4B1B78}"
EndProject
Global
	GlobalSection(SolutionConfigurationPlatforms) = preSolution
		Debug|Any CPU = Debug|Any CPU
		Release|Any CPU = Release|Any CPU
	EndGlobalSection
	GlobalSection(ProjectConfigurationPlatforms) = postSolution
		{2B1A4DCD-8BB4-44AA-8115-C822900BCA16}.Debug|Any CPU.ActiveCfg = Debug|Any CPU
		{2B1A4DCD-8BB4-44AA-8115-C822900BCA16}.Debug|Any CPU.Build.0 = Debug|Any CPU
		{2B1A4DCD-8BB4-44AA-8115-C822900BCA16}.Release|Any CPU.ActiveCfg = Release|Any CPU
		{2B1A4DCD-8BB4-44AA-8115-C822900BCA16}.Release|Any CPU.Build.0 = Release|Any CPU
		{C7C93740-B267-4E0C-B845-2DCCFF4B1B78}.Debug|Any CPU.ActiveCfg = Debug|Any CPU
		{C7C93740-B267-4E0C-B845-2DCCFF4B1B78}.Debug|Any CPU.Build.0 = Debug|Any CPU
		{C7C93740-B267-4E0C-B845-2DCCFF4B1B78}.Release|Any CPU.ActiveCfg = Release|Any CPU
		{C7C93740-B267-4E0C-B845-2DCCFF4B1B78}.Release|Any CPU.Build.0 = Release|Any CPU
	EndGlobalSection
	GlobalSection(SolutionProperties) = preSolution
		HideSolutionNode = FALSE
	EndGlobalSection
	GlobalSection(ExtensibilityGlobals) = postSolution
		SolutionGuid = {0E1D8746-D587-4E53-833C-2BD9A190776E}
	EndGlobalSection
EndGlobal
